{
  "lockfile_version": "1",
  "packages": {
    "cabal-install@latest": {
      "last_modified": "2024-10-06T12:21:13Z",
      "resolved": "github:NixOS/nixpkgs/50b3bd3fed0442bcbf7f58355e990da84af1749d#cabal-install",
      "source": "devbox-search",
      "version": "3.12.1.0",
      "systems": {
        "aarch64-darwin": {
          "outputs": [
            {
              "name": "out",
              "path": "/nix/store/x4ip5cacb1gvpgpmkfwd1xjpsm3k248h-cabal-install-3.12.1.0",
              "default": true
            }
          ],
          "store_path": "/nix/store/x4ip5cacb1gvpgpmkfwd1xjpsm3k248h-cabal-install-3.12.1.0"
        },
        "aarch64-linux": {
          "outputs": [
            {
              "name": "out",
              "path": "/nix/store/hrn6vczm8n7l1djxnz7p58ssg9dlpncg-cabal-install-3.12.1.0",
              "default": true
            }
          ],
          "store_path": "/nix/store/hrn6vczm8n7l1djxnz7p58ssg9dlpncg-cabal-install-3.12.1.0"
        },
        "x86_64-darwin": {
          "outputs": [
            {
              "name": "out",
              "path": "/nix/store/p55iq4k5ak1h998mnb8h1zzwb71c7dx0-cabal-install-3.12.1.0",
              "default": true
            }
          ],
          "store_path": "/nix/store/p55iq4k5ak1h998mnb8h1zzwb71c7dx0-cabal-install-3.12.1.0"
        },
        "x86_64-linux": {
          "outputs": [
            {
              "name": "out",
              "path": "/nix/store/658xc2yjrpm9z5vi5186zaq3hcjh075a-cabal-install-3.12.1.0",
              "default": true
            }
          ],
          "store_path": "/nix/store/658xc2yjrpm9z5vi5186zaq3hcjh075a-cabal-install-3.12.1.0"
        }
      }
    },
    "ghc@9.6.6": {
      "last_modified": "2024-10-06T12:21:13Z",
      "plugin_version": "0.0.2",
      "resolved": "github:NixOS/nixpkgs/50b3bd3fed0442bcbf7f58355e990da84af1749d#ghc",
      "source": "devbox-search",
      "version": "9.6.6",
      "systems": {
        "aarch64-darwin": {
          "outputs": [
            {
              "name": "out",
              "path": "/nix/store/sfc83v75nfiz975cznwaswxvaz3dfdv2-ghc-9.6.6",
              "default": true
            },
            {
              "name": "doc",
              "path": "/nix/store/zjfzknvgab8jqvgji78a3s5s8c4a503f-ghc-9.6.6-doc"
            }
          ],
          "store_path": "/nix/store/sfc83v75nfiz975cznwaswxvaz3dfdv2-ghc-9.6.6"
        },
        "aarch64-linux": {
          "outputs": [
            {
              "name": "out",
              "path": "/nix/store/b7j53r7dgl0iq47f5n7hv17iyz42yl96-ghc-9.6.6",
              "default": true
            },
            {
              "name": "doc",
              "path": "/nix/store/lk6ybinvh9xqvnp5ml5812ncadnzpwpn-ghc-9.6.6-doc"
            }
          ],
          "store_path": "/nix/store/b7j53r7dgl0iq47f5n7hv17iyz42yl96-ghc-9.6.6"
        },
        "x86_64-darwin": {
          "outputs": [
            {
              "name": "out",
              "path": "/nix/store/i3hw8rmihhjknhbmlcs3lyb2a1l73b3w-ghc-9.6.6",
              "default": true
            },
            {
              "name": "doc",
              "path": "/nix/store/pbxiq8jnkllp84alr6m063ffvy8xgw74-ghc-9.6.6-doc"
            }
          ],
          "store_path": "/nix/store/i3hw8rmihhjknhbmlcs3lyb2a1l73b3w-ghc-9.6.6"
        },
        "x86_64-linux": {
          "outputs": [
            {
              "name": "out",
              "path": "/nix/store/f2hib3gih6fdvvnsyy5qs51adfz8j9d3-ghc-9.6.6",
              "default": true
            },
            {
              "name": "doc",
              "path": "/nix/store/y18nmisn4xy9jymrwm9cg0pa1kijl9ii-ghc-9.6.6-doc"
            }
          ],
          "store_path": "/nix/store/f2hib3gih6fdvvnsyy5qs51adfz8j9d3-ghc-9.6.6"
        }
      }
    },
    "haskell-language-server@latest": {
      "last_modified": "2024-10-06T12:21:13Z",
      "resolved": "github:NixOS/nixpkgs/50b3bd3fed0442bcbf7f58355e990da84af1749d#haskell-language-server",
      "source": "devbox-search",
      "version": "2.9.0.0",
      "systems": {
        "aarch64-darwin": {
          "outputs": [
            {
              "name": "out",
              "path": "/nix/store/8f3303gdhwqc4iaacivj62id0x0m675a-haskell-language-server-2.9.0.0",
              "default": true
            }
          ],
          "store_path": "/nix/store/8f3303gdhwqc4iaacivj62id0x0m675a-haskell-language-server-2.9.0.0"
        },
        "aarch64-linux": {
          "outputs": [
            {
              "name": "out",
              "path": "/nix/store/v3g9bcbsq89yglc9vdi5k0b3qwf5p46r-haskell-language-server-2.9.0.0",
              "default": true
            }
          ],
          "store_path": "/nix/store/v3g9bcbsq89yglc9vdi5k0b3qwf5p46r-haskell-language-server-2.9.0.0"
        },
        "x86_64-darwin": {
          "outputs": [
            {
              "name": "out",
              "path": "/nix/store/df0hnil554xgf22y19qnw62gql7pgb3n-haskell-language-server-2.9.0.0",
              "default": true
            }
          ],
          "store_path": "/nix/store/df0hnil554xgf22y19qnw62gql7pgb3n-haskell-language-server-2.9.0.0"
        },
        "x86_64-linux": {
          "outputs": [
            {
              "name": "out",
              "path": "/nix/store/jdy3n0wd36cmhwzqs2l63wvsj70dr96w-haskell-language-server-2.9.0.0",
              "default": true
            }
          ],
          "store_path": "/nix/store/jdy3n0wd36cmhwzqs2l63wvsj70dr96w-haskell-language-server-2.9.0.0"
        }
      }
    },
    "stack@latest": {
      "last_modified": "2024-10-06T12:21:13Z",
      "resolved": "github:NixOS/nixpkgs/50b3bd3fed0442bcbf7f58355e990da84af1749d#stack",
      "source": "devbox-search",
      "version": "3.1.1",
      "systems": {
        "aarch64-linux": {
          "outputs": [
            {
              "name": "out",
              "path": "/nix/store/cx2wwh4mvk7fra7d6b7bsngil9mymip2-stack-3.1.1",
              "default": true
            }
          ],
          "store_path": "/nix/store/cx2wwh4mvk7fra7d6b7bsngil9mymip2-stack-3.1.1"
        },
        "x86_64-darwin": {
          "outputs": [
            {
              "name": "out",
              "path": "/nix/store/jsphiy9crkysrlv0x8yi7757p59dhzig-stack-3.1.1",
              "default": true
            }
          ],
          "store_path": "/nix/store/jsphiy9crkysrlv0x8yi7757p59dhzig-stack-3.1.1"
        },
        "x86_64-linux": {
          "outputs": [
            {
              "name": "out",
              "path": "/nix/store/lhk1qc7qlmpgijf5ky5qx8sbwkfw96s4-stack-3.1.1",
              "default": true
            }
          ],
          "store_path": "/nix/store/lhk1qc7qlmpgijf5ky5qx8sbwkfw96s4-stack-3.1.1"
        }
      }
    }
  }
}
